{
  "nodes": {
    "nixpkgs": {
      "locked": {
        "lastModified": 1627838283,
        "narHash": "sha256-YgxKXnyVltURwVPT+eIHPIgTaCb/1MrvebOmEHw2FBU=",
        "owner": "NixOS",
        "repo": "nixpkgs",
        "rev": "9fc2cddf24ad1819f17174cbae47789294ea6dc4",
        "type": "github"
      },
      "original": {
        "id": "nixpkgs",
        "type": "indirect"
      }
    },
    "root": {
      "inputs": {
        "nixpkgs": "nixpkgs"
      }
    }
  },
  "root": "root",
  "version": 7
}
