{
  "nodes": {
    "hspkgs": {
      "inputs": {
        "nixpkgs": "nixpkgs"
      },
      "locked": {
        "lastModified": 1672777063,
        "narHash": "sha256-cUStTihejj4fV/1rcTI27MclNQDQjufhHLYHj0DcIuk=",
        "owner": "podenv",
        "repo": "hspkgs",
        "rev": "4a25962c7beede6cfcacc66000ef783e5c98e483",
        "type": "github"
      },
      "original": {
        "owner": "podenv",
        "repo": "hspkgs",
        "rev": "4a25962c7beede6cfcacc66000ef783e5c98e483",
        "type": "github"
      }
    },
    "nixpkgs": {
      "locked": {
        "lastModified": 1672755833,
        "narHash": "sha256-AmPzlvY1Y5codnytZCDn2wlhVa8rDHNib5wBWtcD7c4=",
        "owner": "NixOS",
        "repo": "nixpkgs",
        "rev": "3665c429d349fbda46b0651e554cca8434452748",
        "type": "github"
      },
      "original": {
        "owner": "NixOS",
        "repo": "nixpkgs",
        "rev": "3665c429d349fbda46b0651e554cca8434452748",
        "type": "github"
      }
    },
    "nixpkgs_2": {
      "locked": {
        "lastModified": 1652483617,
        "narHash": "sha256-Jxyn3uXFr5LdZNNiippI/obtLXAVBM18uVfiKVP4j9Q=",
        "owner": "NixOS",
        "repo": "nixpkgs",
        "rev": "ed014c27f4d0ca772fb57d3b8985b772b0503bbd",
        "type": "github"
      },
      "original": {
        "owner": "NixOS",
        "repo": "nixpkgs",
        "rev": "ed014c27f4d0ca772fb57d3b8985b772b0503bbd",
        "type": "github"
      }
    },
    "root": {
      "inputs": {
        "hspkgs": "hspkgs",
        "nixpkgs": "nixpkgs_2"
      }
    }
  },
  "root": "root",
  "version": 7
}
